
Microsoft Visual Studio Solution File, Format Version 12.00
# Visual Studio 15
VisualStudioVersion = 15.0.27703.2000
MinimumVisualStudioVersion = 10.0.40219.1
Project("{FAE04EC0-301F-11D3-BF4B-00C04F79EFBC}") = "Todo.Api", "Todo.API\Todo.Api.csproj", "{159AF2C2-DE02-438D-BE55-0445E84E11F4}"
EndProject
Project("{FAE04EC0-301F-11D3-BF4B-00C04F79EFBC}") = "Todo.Db.Models", "Todo.Db.Models\Todo.Db.Models.csproj", "{214D2578-717D-42C3-8932-72387790B054}"
EndProject
Project("{FAE04EC0-301F-11D3-BF4B-00C04F79EFBC}") = "Todo.Services.Models", "Todo.Service.Models\Todo.Services.Models.csproj", "{92C9BD8C-4722-4D90-A214-484AB468701A}"
EndProject
Project("{FAE04EC0-301F-11D3-BF4B-00C04F79EFBC}") = "Todo.Api.Models", "Todo.Api.Models\Todo.Api.Models.csproj", "{17D614DC-7722-41BF-98B8-3FCBB580B58B}"
EndProject
Project("{FAE04EC0-301F-11D3-BF4B-00C04F79EFBC}") = "Todo.Mapper.Configurations", "Todo.Mapper.Configurations\Todo.Mapper.Configurations.csproj", "{FE820969-CE0C-40DC-B525-B86B3730CD78}"
EndProject
Project("{FAE04EC0-301F-11D3-BF4B-00C04F79EFBC}") = "Todo.Db.Context", "Todo.Db.Context\Todo.Db.Context.csproj", "{ED8E6047-1BB4-4A54-96E0-307805A31ED6}"
EndProject
Project("{FAE04EC0-301F-11D3-BF4B-00C04F79EFBC}") = "Todo.Repositories", "Todo.Repositories\Todo.Repositories.csproj", "{164D7666-A0F3-491F-ABBE-88BFFEA75398}"
EndProject
Project("{FAE04EC0-301F-11D3-BF4B-00C04F79EFBC}") = "Todo.Services", "Todo.Services\Todo.Services.csproj", "{10A2E8F6-8EDF-4094-8ED1-749ACD15FCC5}"
EndProject
Project("{FAE04EC0-301F-11D3-BF4B-00C04F79EFBC}") = "Todo.Api.Exceptions", "Todo.Api.Exceptions\Todo.Api.Exceptions.csproj", "{CF084618-053A-4EEE-BB99-043A0209F47E}"
EndProject
Global
	GlobalSection(SolutionConfigurationPlatforms) = preSolution
		Debug|Any CPU = Debug|Any CPU
		Release|Any CPU = Release|Any CPU
	EndGlobalSection
	GlobalSection(ProjectConfigurationPlatforms) = postSolution
		{159AF2C2-DE02-438D-BE55-0445E84E11F4}.Debug|Any CPU.ActiveCfg = Debug|Any CPU
		{159AF2C2-DE02-438D-BE55-0445E84E11F4}.Debug|Any CPU.Build.0 = Debug|Any CPU
		{159AF2C2-DE02-438D-BE55-0445E84E11F4}.Release|Any CPU.ActiveCfg = Release|Any CPU
		{159AF2C2-DE02-438D-BE55-0445E84E11F4}.Release|Any CPU.Build.0 = Release|Any CPU
		{214D2578-717D-42C3-8932-72387790B054}.Debug|Any CPU.ActiveCfg = Debug|Any CPU
		{214D2578-717D-42C3-8932-72387790B054}.Debug|Any CPU.Build.0 = Debug|Any CPU
		{214D2578-717D-42C3-8932-72387790B054}.Release|Any CPU.ActiveCfg = Release|Any CPU
		{214D2578-717D-42C3-8932-72387790B054}.Release|Any CPU.Build.0 = Release|Any CPU
		{92C9BD8C-4722-4D90-A214-484AB468701A}.Debug|Any CPU.ActiveCfg = Debug|Any CPU
		{92C9BD8C-4722-4D90-A214-484AB468701A}.Debug|Any CPU.Build.0 = Debug|Any CPU
		{92C9BD8C-4722-4D90-A214-484AB468701A}.Release|Any CPU.ActiveCfg = Release|Any CPU
		{92C9BD8C-4722-4D90-A214-484AB468701A}.Release|Any CPU.Build.0 = Release|Any CPU
		{17D614DC-7722-41BF-98B8-3FCBB580B58B}.Debug|Any CPU.ActiveCfg = Debug|Any CPU
		{17D614DC-7722-41BF-98B8-3FCBB580B58B}.Debug|Any CPU.Build.0 = Debug|Any CPU
		{17D614DC-7722-41BF-98B8-3FCBB580B58B}.Release|Any CPU.ActiveCfg = Release|Any CPU
		{17D614DC-7722-41BF-98B8-3FCBB580B58B}.Release|Any CPU.Build.0 = Release|Any CPU
		{FE820969-CE0C-40DC-B525-B86B3730CD78}.Debug|Any CPU.ActiveCfg = Debug|Any CPU
		{FE820969-CE0C-40DC-B525-B86B3730CD78}.Debug|Any CPU.Build.0 = Debug|Any CPU
		{FE820969-CE0C-40DC-B525-B86B3730CD78}.Release|Any CPU.ActiveCfg = Release|Any CPU
		{FE820969-CE0C-40DC-B525-B86B3730CD78}.Release|Any CPU.Build.0 = Release|Any CPU
		{ED8E6047-1BB4-4A54-96E0-307805A31ED6}.Debug|Any CPU.ActiveCfg = Debug|Any CPU
		{ED8E6047-1BB4-4A54-96E0-307805A31ED6}.Debug|Any CPU.Build.0 = Debug|Any CPU
		{ED8E6047-1BB4-4A54-96E0-307805A31ED6}.Release|Any CPU.ActiveCfg = Release|Any CPU
		{ED8E6047-1BB4-4A54-96E0-307805A31ED6}.Release|Any CPU.Build.0 = Release|Any CPU
		{164D7666-A0F3-491F-ABBE-88BFFEA75398}.Debug|Any CPU.ActiveCfg = Debug|Any CPU
		{164D7666-A0F3-491F-ABBE-88BFFEA75398}.Debug|Any CPU.Build.0 = Debug|Any CPU
		{164D7666-A0F3-491F-ABBE-88BFFEA75398}.Release|Any CPU.ActiveCfg = Release|Any CPU
		{164D7666-A0F3-491F-ABBE-88BFFEA75398}.Release|Any CPU.Build.0 = Release|Any CPU
		{10A2E8F6-8EDF-4094-8ED1-749ACD15FCC5}.Debug|Any CPU.ActiveCfg = Debug|Any CPU
		{10A2E8F6-8EDF-4094-8ED1-749ACD15FCC5}.Debug|Any CPU.Build.0 = Debug|Any CPU
		{10A2E8F6-8EDF-4094-8ED1-749ACD15FCC5}.Release|Any CPU.ActiveCfg = Release|Any CPU
		{10A2E8F6-8EDF-4094-8ED1-749ACD15FCC5}.Release|Any CPU.Build.0 = Release|Any CPU
		{CF084618-053A-4EEE-BB99-043A0209F47E}.Debug|Any CPU.ActiveCfg = Debug|Any CPU
		{CF084618-053A-4EEE-BB99-043A0209F47E}.Debug|Any CPU.Build.0 = Debug|Any CPU
		{CF084618-053A-4EEE-BB99-043A0209F47E}.Release|Any CPU.ActiveCfg = Release|Any CPU
		{CF084618-053A-4EEE-BB99-043A0209F47E}.Release|Any CPU.Build.0 = Release|Any CPU
	EndGlobalSection
	GlobalSection(SolutionProperties) = preSolution
		HideSolutionNode = FALSE
	EndGlobalSection
	GlobalSection(ExtensibilityGlobals) = postSolution
		SolutionGuid = {E06AEF3E-A3A4-4F51-A5AE-0E25DA040572}
	EndGlobalSection
EndGlobal
